
Microsoft Visual Studio Solution File, Format Version 12.00
# Visual Studio 2012
Project("{FAE04EC0-301F-11D3-BF4B-00C04F79EFBC}") = "ZenXml.Core", "ZenXml.Core\ZenXml.Core.csproj", "{2D9AB82C-6283-4CC6-816C-5167854243E9}"
EndProject
Project("{FAE04EC0-301F-11D3-BF4B-00C04F79EFBC}") = "ZenXml.Test", "ZenXml.Test\ZenXml.Test.csproj", "{66A5DD84-E806-4A75-9A88-639959823723}"
EndProject
Global
	GlobalSection(SolutionConfigurationPlatforms) = preSolution
		Debug|Any CPU = Debug|Any CPU
		Release|Any CPU = Release|Any CPU
	EndGlobalSection
	GlobalSection(ProjectConfigurationPlatforms) = postSolution
		{2D9AB82C-6283-4CC6-816C-5167854243E9}.Debug|Any CPU.ActiveCfg = Debug|Any CPU
		{2D9AB82C-6283-4CC6-816C-5167854243E9}.Debug|Any CPU.Build.0 = Debug|Any CPU
		{2D9AB82C-6283-4CC6-816C-5167854243E9}.Release|Any CPU.ActiveCfg = Release|Any CPU
		{2D9AB82C-6283-4CC6-816C-5167854243E9}.Release|Any CPU.Build.0 = Release|Any CPU
		{66A5DD84-E806-4A75-9A88-639959823723}.Debug|Any CPU.ActiveCfg = Debug|Any CPU
		{66A5DD84-E806-4A75-9A88-639959823723}.Debug|Any CPU.Build.0 = Debug|Any CPU
		{66A5DD84-E806-4A75-9A88-639959823723}.Release|Any CPU.ActiveCfg = Release|Any CPU
		{66A5DD84-E806-4A75-9A88-639959823723}.Release|Any CPU.Build.0 = Release|Any CPU
	EndGlobalSection
	GlobalSection(SolutionProperties) = preSolution
		HideSolutionNode = FALSE
	EndGlobalSection
EndGlobal
